
Microsoft Visual Studio Solution File, Format Version 12.00
# Visual Studio Version 16
VisualStudioVersion = 16.0.28315.86
MinimumVisualStudioVersion = 10.0.40219.1
Project("{2150E333-8FDC-42A3-9474-1A3956D46DE8}") = "Engine", "Engine", "{94A6C6F3-99B3-346E-9557-ABF9D4064DBD}"
EndProject
Project("{2150E333-8FDC-42A3-9474-1A3956D46DE8}") = "Games", "Games", "{8E2F6A87-1826-34F4-940C-CC23A48F9FE4}"
EndProject
Project("{8BC9CEB8-8B4A-11D0-8D11-00A0C91BC942}") = "UE4", "Intermediate\ProjectFiles\UE4.vcxproj", "{5A3018C9-EE2A-41EA-9808-50EA0A8BC448}"
EndProject
Project("{8BC9CEB8-8B4A-11D0-8D11-00A0C91BC942}") = "TPS_CPP", "Intermediate\ProjectFiles\TPS_CPP.vcxproj", "{20C7142C-B5C0-426D-9680-7798B7CFFDFD}"
EndProject
Project("{2150E333-8FDC-42A3-9474-1A3956D46DE8}") = "Visualizers", "Visualizers", "{1CCEC849-CC72-4C59-8C36-2F7C38706D4C}"
	ProjectSection(SolutionItems) = preProject
		..\..\..\UE_4.27\Engine\Extras\VisualStudioDebugging\UE4.natvis = ..\..\..\UE_4.27\Engine\Extras\VisualStudioDebugging\UE4.natvis
	EndProjectSection
EndProject
Global
	GlobalSection(SolutionConfigurationPlatforms) = preSolution
		DebugGame Editor|HoloLens = DebugGame Editor|HoloLens
		DebugGame Editor|Win32 = DebugGame Editor|Win32
		DebugGame Editor|Win64 = DebugGame Editor|Win64
		DebugGame|HoloLens = DebugGame|HoloLens
		DebugGame|Win32 = DebugGame|Win32
		DebugGame|Win64 = DebugGame|Win64
		Development Editor|HoloLens = Development Editor|HoloLens
		Development Editor|Win32 = Development Editor|Win32
		Development Editor|Win64 = Development Editor|Win64
		Development|HoloLens = Development|HoloLens
		Development|Win32 = Development|Win32
		Development|Win64 = Development|Win64
		Shipping|HoloLens = Shipping|HoloLens
		Shipping|Win32 = Shipping|Win32
		Shipping|Win64 = Shipping|Win64
	EndGlobalSection
	# Visual Assist Section
	GlobalSection(44630d46-96b5-488c-8df926e21db8c1a3) = preSolution
		ueSolution=true
	EndGlobalSection
	GlobalSection(ProjectConfigurationPlatforms) = postSolution
		{5A3018C9-EE2A-41EA-9808-50EA0A8BC448}.DebugGame Editor|HoloLens.ActiveCfg = BuiltWithUnrealBuildTool|Win32
		{5A3018C9-EE2A-41EA-9808-50EA0A8BC448}.DebugGame Editor|Win32.ActiveCfg = BuiltWithUnrealBuildTool|Win32
		{5A3018C9-EE2A-41EA-9808-50EA0A8BC448}.DebugGame Editor|Win64.ActiveCfg = BuiltWithUnrealBuildTool|Win32
		{5A3018C9-EE2A-41EA-9808-50EA0A8BC448}.DebugGame|HoloLens.ActiveCfg = BuiltWithUnrealBuildTool|Win32
		{5A3018C9-EE2A-41EA-9808-50EA0A8BC448}.DebugGame|Win32.ActiveCfg = BuiltWithUnrealBuildTool|Win32
		{5A3018C9-EE2A-41EA-9808-50EA0A8BC448}.DebugGame|Win64.ActiveCfg = BuiltWithUnrealBuildTool|Win32
		{5A3018C9-EE2A-41EA-9808-50EA0A8BC448}.Development Editor|HoloLens.ActiveCfg = BuiltWithUnrealBuildTool|Win32
		{5A3018C9-EE2A-41EA-9808-50EA0A8BC448}.Development Editor|Win32.ActiveCfg = BuiltWithUnrealBuildTool|Win32
		{5A3018C9-EE2A-41EA-9808-50EA0A8BC448}.Development Editor|Win64.ActiveCfg = BuiltWithUnrealBuildTool|Win32
		{5A3018C9-EE2A-41EA-9808-50EA0A8BC448}.Development|HoloLens.ActiveCfg = BuiltWithUnrealBuildTool|Win32
		{5A3018C9-EE2A-41EA-9808-50EA0A8BC448}.Development|Win32.ActiveCfg = BuiltWithUnrealBuildTool|Win32
		{5A3018C9-EE2A-41EA-9808-50EA0A8BC448}.Development|Win64.ActiveCfg = BuiltWithUnrealBuildTool|Win32
		{5A3018C9-EE2A-41EA-9808-50EA0A8BC448}.Shipping|HoloLens.ActiveCfg = BuiltWithUnrealBuildTool|Win32
		{5A3018C9-EE2A-41EA-9808-50EA0A8BC448}.Shipping|Win32.ActiveCfg = BuiltWithUnrealBuildTool|Win32
		{5A3018C9-EE2A-41EA-9808-50EA0A8BC448}.Shipping|Win64.ActiveCfg = BuiltWithUnrealBuildTool|Win32
		{20C7142C-B5C0-426D-9680-7798B7CFFDFD}.DebugGame Editor|HoloLens.ActiveCfg = Invalid|Win32
		{20C7142C-B5C0-426D-9680-7798B7CFFDFD}.DebugGame Editor|Win32.ActiveCfg = Invalid|Win32
		{20C7142C-B5C0-426D-9680-7798B7CFFDFD}.DebugGame Editor|Win64.ActiveCfg = DebugGame_Editor|x64
		{20C7142C-B5C0-426D-9680-7798B7CFFDFD}.DebugGame Editor|Win64.Build.0 = DebugGame_Editor|x64
		{20C7142C-B5C0-426D-9680-7798B7CFFDFD}.DebugGame|HoloLens.ActiveCfg = DebugGame|arm64
		{20C7142C-B5C0-426D-9680-7798B7CFFDFD}.DebugGame|HoloLens.Build.0 = DebugGame|arm64
		{20C7142C-B5C0-426D-9680-7798B7CFFDFD}.DebugGame|HoloLens.Deploy.0 = DebugGame|arm64
		{20C7142C-B5C0-426D-9680-7798B7CFFDFD}.DebugGame|Win32.ActiveCfg = DebugGame|Win32
		{20C7142C-B5C0-426D-9680-7798B7CFFDFD}.DebugGame|Win32.Build.0 = DebugGame|Win32
		{20C7142C-B5C0-426D-9680-7798B7CFFDFD}.DebugGame|Win64.ActiveCfg = DebugGame|x64
		{20C7142C-B5C0-426D-9680-7798B7CFFDFD}.DebugGame|Win64.Build.0 = DebugGame|x64
		{20C7142C-B5C0-426D-9680-7798B7CFFDFD}.Development Editor|HoloLens.ActiveCfg = Invalid|Win32
		{20C7142C-B5C0-426D-9680-7798B7CFFDFD}.Development Editor|Win32.ActiveCfg = Invalid|Win32
		{20C7142C-B5C0-426D-9680-7798B7CFFDFD}.Development Editor|Win64.ActiveCfg = Development_Editor|x64
		{20C7142C-B5C0-426D-9680-7798B7CFFDFD}.Development Editor|Win64.Build.0 = Development_Editor|x64
		{20C7142C-B5C0-426D-9680-7798B7CFFDFD}.Development|HoloLens.ActiveCfg = Development|arm64
		{20C7142C-B5C0-426D-9680-7798B7CFFDFD}.Development|HoloLens.Build.0 = Development|arm64
		{20C7142C-B5C0-426D-9680-7798B7CFFDFD}.Development|HoloLens.Deploy.0 = Development|arm64
		{20C7142C-B5C0-426D-9680-7798B7CFFDFD}.Development|Win32.ActiveCfg = Development|Win32
		{20C7142C-B5C0-426D-9680-7798B7CFFDFD}.Development|Win32.Build.0 = Development|Win32
		{20C7142C-B5C0-426D-9680-7798B7CFFDFD}.Development|Win64.ActiveCfg = Development|x64
		{20C7142C-B5C0-426D-9680-7798B7CFFDFD}.Development|Win64.Build.0 = Development|x64
		{20C7142C-B5C0-426D-9680-7798B7CFFDFD}.Shipping|HoloLens.ActiveCfg = Shipping|arm64
		{20C7142C-B5C0-426D-9680-7798B7CFFDFD}.Shipping|HoloLens.Build.0 = Shipping|arm64
		{20C7142C-B5C0-426D-9680-7798B7CFFDFD}.Shipping|HoloLens.Deploy.0 = Shipping|arm64
		{20C7142C-B5C0-426D-9680-7798B7CFFDFD}.Shipping|Win32.ActiveCfg = Shipping|Win32
		{20C7142C-B5C0-426D-9680-7798B7CFFDFD}.Shipping|Win32.Build.0 = Shipping|Win32
		{20C7142C-B5C0-426D-9680-7798B7CFFDFD}.Shipping|Win64.ActiveCfg = Shipping|x64
		{20C7142C-B5C0-426D-9680-7798B7CFFDFD}.Shipping|Win64.Build.0 = Shipping|x64
	EndGlobalSection
	GlobalSection(SolutionProperties) = preSolution
		HideSolutionNode = FALSE
	EndGlobalSection
	GlobalSection(NestedProjects) = preSolution
		{5A3018C9-EE2A-41EA-9808-50EA0A8BC448} = {94A6C6F3-99B3-346E-9557-ABF9D4064DBD}
		{20C7142C-B5C0-426D-9680-7798B7CFFDFD} = {8E2F6A87-1826-34F4-940C-CC23A48F9FE4}
	EndGlobalSection
EndGlobal
